// !$*UTF8*$!
{
	archiveVersion = 1;
	classes = {
	};
	objectVersion = 50;
	objects = {

/* Begin PBXBuildFile section */
		8F38B22A23DA7CC8004E9AB3 /* AppDelegate.swift in Sources */ = {isa = PBXBuildFile; fileRef = 8F38B22923DA7CC8004E9AB3 /* AppDelegate.swift */; };
		8F38B22C23DA7CC8004E9AB3 /* SceneDelegate.swift in Sources */ = {isa = PBXBuildFile; fileRef = 8F38B22B23DA7CC8004E9AB3 /* SceneDelegate.swift */; };
		8F38B22E23DA7CC8004E9AB3 /* ViewController.swift in Sources */ = {isa = PBXBuildFile; fileRef = 8F38B22D23DA7CC8004E9AB3 /* ViewController.swift */; };
		8F38B23123DA7CC8004E9AB3 /* Main.storyboard in Resources */ = {isa = PBXBuildFile; fileRef = 8F38B22F23DA7CC8004E9AB3 /* Main.storyboard */; };
		8F38B23323DA7CC9004E9AB3 /* Assets.xcassets in Resources */ = {isa = PBXBuildFile; fileRef = 8F38B23223DA7CC9004E9AB3 /* Assets.xcassets */; };
		8F38B23623DA7CC9004E9AB3 /* LaunchScreen.storyboard in Resources */ = {isa = PBXBuildFile; fileRef = 8F38B23423DA7CC9004E9AB3 /* LaunchScreen.storyboard */; };
		8F38B24123DA7CC9004E9AB3 /* Tip_CalculatorTests.swift in Sources */ = {isa = PBXBuildFile; fileRef = 8F38B24023DA7CC9004E9AB3 /* Tip_CalculatorTests.swift */; };
		8F38B24C23DA7CCA004E9AB3 /* Tip_CalculatorUITests.swift in Sources */ = {isa = PBXBuildFile; fileRef = 8F38B24B23DA7CCA004E9AB3 /* Tip_CalculatorUITests.swift */; };
/* End PBXBuildFile section */

/* Begin PBXContainerItemProxy section */
		8F38B23D23DA7CC9004E9AB3 /* PBXContainerItemProxy */ = {
			isa = PBXContainerItemProxy;
			containerPortal = 8F38B21E23DA7CC7004E9AB3 /* Project object */;
			proxyType = 1;
			remoteGlobalIDString = 8F38B22523DA7CC7004E9AB3;
			remoteInfo = "Tip Calculator";
		};
		8F38B24823DA7CC9004E9AB3 /* PBXContainerItemProxy */ = {
			isa = PBXContainerItemProxy;
			containerPortal = 8F38B21E23DA7CC7004E9AB3 /* Project object */;
			proxyType = 1;
			remoteGlobalIDString = 8F38B22523DA7CC7004E9AB3;
			remoteInfo = "Tip Calculator";
		};
/* End PBXContainerItemProxy section */

/* Begin PBXFileReference section */
		8F38B22623DA7CC8004E9AB3 /* Tip Calculator.app */ = {isa = PBXFileReference; explicitFileType = wrapper.application; includeInIndex = 0; path = "Tip Calculator.app"; sourceTree = BUILT_PRODUCTS_DIR; };
		8F38B22923DA7CC8004E9AB3 /* AppDelegate.swift */ = {isa = PBXFileReference; lastKnownFileType = sourcecode.swift; path = AppDelegate.swift; sourceTree = "<group>"; };
		8F38B22B23DA7CC8004E9AB3 /* SceneDelegate.swift */ = {isa = PBXFileReference; lastKnownFileType = sourcecode.swift; path = SceneDelegate.swift; sourceTree = "<group>"; };
		8F38B22D23DA7CC8004E9AB3 /* ViewController.swift */ = {isa = PBXFileReference; lastKnownFileType = sourcecode.swift; path = ViewController.swift; sourceTree = "<group>"; };
		8F38B23023DA7CC8004E9AB3 /* Base */ = {isa = PBXFileReference; lastKnownFileType = file.storyboard; name = Base; path = Base.lproj/Main.storyboard; sourceTree = "<group>"; };
		8F38B23223DA7CC9004E9AB3 /* Assets.xcassets */ = {isa = PBXFileReference; lastKnownFileType = folder.assetcatalog; path = Assets.xcassets; sourceTree = "<group>"; };
		8F38B23523DA7CC9004E9AB3 /* Base */ = {isa = PBXFileReference; lastKnownFileType = file.storyboard; name = Base; path = Base.lproj/LaunchScreen.storyboard; sourceTree = "<group>"; };
		8F38B23723DA7CC9004E9AB3 /* Info.plist */ = {isa = PBXFileReference; lastKnownFileType = text.plist.xml; path = Info.plist; sourceTree = "<group>"; };
		8F38B23C23DA7CC9004E9AB3 /* Tip CalculatorTests.xctest */ = {isa = PBXFileReference; explicitFileType = wrapper.cfbundle; includeInIndex = 0; path = "Tip CalculatorTests.xctest"; sourceTree = BUILT_PRODUCTS_DIR; };
		8F38B24023DA7CC9004E9AB3 /* Tip_CalculatorTests.swift */ = {isa = PBXFileReference; lastKnownFileType = sourcecode.swift; path = Tip_CalculatorTests.swift; sourceTree = "<group>"; };
		8F38B24223DA7CC9004E9AB3 /* Info.plist */ = {isa = PBXFileReference; lastKnownFileType = text.plist.xml; path = Info.plist; sourceTree = "<group>"; };
		8F38B24723DA7CC9004E9AB3 /* Tip CalculatorUITests.xctest */ = {isa = PBXFileReference; explicitFileType = wrapper.cfbundle; includeInIndex = 0; path = "Tip CalculatorUITests.xctest"; sourceTree = BUILT_PRODUCTS_DIR; };
		8F38B24B23DA7CCA004E9AB3 /* Tip_CalculatorUITests.swift */ = {isa = PBXFileReference; lastKnownFileType = sourcecode.swift; path = Tip_CalculatorUITests.swift; sourceTree = "<group>"; };
		8F38B24D23DA7CCA004E9AB3 /* Info.plist */ = {isa = PBXFileReference; lastKnownFileType = text.plist.xml; path = Info.plist; sourceTree = "<group>"; };
/* End PBXFileReference section */

/* Begin PBXFrameworksBuildPhase section */
		8F38B22323DA7CC7004E9AB3 /* Frameworks */ = {
			isa = PBXFrameworksBuildPhase;
			buildActionMask = 2147483647;
			files = (
			);
			runOnlyForDeploymentPostprocessing = 0;
		};
		8F38B23923DA7CC9004E9AB3 /* Frameworks */ = {
			isa = PBXFrameworksBuildPhase;
			buildActionMask = 2147483647;
			files = (
			);
			runOnlyForDeploymentPostprocessing = 0;
		};
		8F38B24423DA7CC9004E9AB3 /* Frameworks */ = {
			isa = PBXFrameworksBuildPhase;
			buildActionMask = 2147483647;
			files = (
			);
			runOnlyForDeploymentPostprocessing = 0;
		};
/* End PBXFrameworksBuildPhase section */

/* Begin PBXGroup section */
		8F38B21D23DA7CC7004E9AB3 = {
			isa = PBXGroup;
			children = (
				8F38B22823DA7CC8004E9AB3 /* Tip Calculator */,
				8F38B23F23DA7CC9004E9AB3 /* Tip CalculatorTests */,
				8F38B24A23DA7CCA004E9AB3 /* Tip CalculatorUITests */,
				8F38B22723DA7CC8004E9AB3 /* Products */,
			);
			sourceTree = "<group>";
		};
		8F38B22723DA7CC8004E9AB3 /* Products */ = {
			isa = PBXGroup;
			children = (
				8F38B22623DA7CC8004E9AB3 /* Tip Calculator.app */,
				8F38B23C23DA7CC9004E9AB3 /* Tip CalculatorTests.xctest */,
				8F38B24723DA7CC9004E9AB3 /* Tip CalculatorUITests.xctest */,
			);
			name = Products;
			sourceTree = "<group>";
		};
		8F38B22823DA7CC8004E9AB3 /* Tip Calculator */ = {
			isa = PBXGroup;
			children = (
				8F38B22923DA7CC8004E9AB3 /* AppDelegate.swift */,
				8F38B22B23DA7CC8004E9AB3 /* SceneDelegate.swift */,
				8F38B22D23DA7CC8004E9AB3 /* ViewController.swift */,
				8F38B22F23DA7CC8004E9AB3 /* Main.storyboard */,
				8F38B23223DA7CC9004E9AB3 /* Assets.xcassets */,
				8F38B23423DA7CC9004E9AB3 /* LaunchScreen.storyboard */,
				8F38B23723DA7CC9004E9AB3 /* Info.plist */,
			);
			path = "Tip Calculator";
			sourceTree = "<group>";
		};
		8F38B23F23DA7CC9004E9AB3 /* Tip CalculatorTests */ = {
			isa = PBXGroup;
			children = (
				8F38B24023DA7CC9004E9AB3 /* Tip_CalculatorTests.swift */,
				8F38B24223DA7CC9004E9AB3 /* Info.plist */,
			);
			path = "Tip CalculatorTests";
			sourceTree = "<group>";
		};
		8F38B24A23DA7CCA004E9AB3 /* Tip CalculatorUITests */ = {
			isa = PBXGroup;
			children = (
				8F38B24B23DA7CCA004E9AB3 /* Tip_CalculatorUITests.swift */,
				8F38B24D23DA7CCA004E9AB3 /* Info.plist */,
			);
			path = "Tip CalculatorUITests";
			sourceTree = "<group>";
		};
/* End PBXGroup section */

/* Begin PBXNativeTarget section */
		8F38B22523DA7CC7004E9AB3 /* Tip Calculator */ = {
			isa = PBXNativeTarget;
			buildConfigurationList = 8F38B25023DA7CCA004E9AB3 /* Build configuration list for PBXNativeTarget "Tip Calculator" */;
			buildPhases = (
				8F38B22223DA7CC7004E9AB3 /* Sources */,
				8F38B22323DA7CC7004E9AB3 /* Frameworks */,
				8F38B22423DA7CC7004E9AB3 /* Resources */,
			);
			buildRules = (
			);
			dependencies = (
			);
			name = "Tip Calculator";
			productName = "Tip Calculator";
			productReference = 8F38B22623DA7CC8004E9AB3 /* Tip Calculator.app */;
			productType = "com.apple.product-type.application";
		};
		8F38B23B23DA7CC9004E9AB3 /* Tip CalculatorTests */ = {
			isa = PBXNativeTarget;
			buildConfigurationList = 8F38B25323DA7CCA004E9AB3 /* Build configuration list for PBXNativeTarget "Tip CalculatorTests" */;
			buildPhases = (
				8F38B23823DA7CC9004E9AB3 /* Sources */,
				8F38B23923DA7CC9004E9AB3 /* Frameworks */,
				8F38B23A23DA7CC9004E9AB3 /* Resources */,
			);
			buildRules = (
			);
			dependencies = (
				8F38B23E23DA7CC9004E9AB3 /* PBXTargetDependency */,
			);
			name = "Tip CalculatorTests";
			productName = "Tip CalculatorTests";
			productReference = 8F38B23C23DA7CC9004E9AB3 /* Tip CalculatorTests.xctest */;
			productType = "com.apple.product-type.bundle.unit-test";
		};
		8F38B24623DA7CC9004E9AB3 /* Tip CalculatorUITests */ = {
			isa = PBXNativeTarget;
			buildConfigurationList = 8F38B25623DA7CCA004E9AB3 /* Build configuration list for PBXNativeTarget "Tip CalculatorUITests" */;
			buildPhases = (
				8F38B24323DA7CC9004E9AB3 /* Sources */,
				8F38B24423DA7CC9004E9AB3 /* Frameworks */,
				8F38B24523DA7CC9004E9AB3 /* Resources */,
			);
			buildRules = (
			);
			dependencies = (
				8F38B24923DA7CC9004E9AB3 /* PBXTargetDependency */,
			);
			name = "Tip CalculatorUITests";
			productName = "Tip CalculatorUITests";
			productReference = 8F38B24723DA7CC9004E9AB3 /* Tip CalculatorUITests.xctest */;
			productType = "com.apple.product-type.bundle.ui-testing";
		};
/* End PBXNativeTarget section */

/* Begin PBXProject section */
		8F38B21E23DA7CC7004E9AB3 /* Project object */ = {
			isa = PBXProject;
			attributes = {
				LastSwiftUpdateCheck = 1130;
				LastUpgradeCheck = 1130;
				ORGANIZATIONNAME = "Shawn J Kim";
				TargetAttributes = {
					8F38B22523DA7CC7004E9AB3 = {
						CreatedOnToolsVersion = 11.3.1;
					};
					8F38B23B23DA7CC9004E9AB3 = {
						CreatedOnToolsVersion = 11.3.1;
						TestTargetID = 8F38B22523DA7CC7004E9AB3;
					};
					8F38B24623DA7CC9004E9AB3 = {
						CreatedOnToolsVersion = 11.3.1;
						TestTargetID = 8F38B22523DA7CC7004E9AB3;
					};
				};
			};
			buildConfigurationList = 8F38B22123DA7CC7004E9AB3 /* Build configuration list for PBXProject "Tip Calculator" */;
			compatibilityVersion = "Xcode 9.3";
			developmentRegion = en;
			hasScannedForEncodings = 0;
			knownRegions = (
				en,
				Base,
			);
			mainGroup = 8F38B21D23DA7CC7004E9AB3;
			productRefGroup = 8F38B22723DA7CC8004E9AB3 /* Products */;
			projectDirPath = "";
			projectRoot = "";
			targets = (
				8F38B22523DA7CC7004E9AB3 /* Tip Calculator */,
				8F38B23B23DA7CC9004E9AB3 /* Tip CalculatorTests */,
				8F38B24623DA7CC9004E9AB3 /* Tip CalculatorUITests */,
			);
		};
/* End PBXProject section */

/* Begin PBXResourcesBuildPhase section */
		8F38B22423DA7CC7004E9AB3 /* Resources */ = {
			isa = PBXResourcesBuildPhase;
			buildActionMask = 2147483647;
			files = (
				8F38B23623DA7CC9004E9AB3 /* LaunchScreen.storyboard in Resources */,
				8F38B23323DA7CC9004E9AB3 /* Assets.xcassets in Resources */,
				8F38B23123DA7CC8004E9AB3 /* Main.storyboard in Resources */,
			);
			runOnlyForDeploymentPostprocessing = 0;
		};
		8F38B23A23DA7CC9004E9AB3 /* Resources */ = {
			isa = PBXResourcesBuildPhase;
			buildActionMask = 2147483647;
			files = (
			);
			runOnlyForDeploymentPostprocessing = 0;
		};
		8F38B24523DA7CC9004E9AB3 /* Resources */ = {
			isa = PBXResourcesBuildPhase;
			buildActionMask = 2147483647;
			files = (
			);
			runOnlyForDeploymentPostprocessing = 0;
		};
/* End PBXResourcesBuildPhase section */

/* Begin PBXSourcesBuildPhase section */
		8F38B22223DA7CC7004E9AB3 /* Sources */ = {
			isa = PBXSourcesBuildPhase;
			buildActionMask = 2147483647;
			files = (
				8F38B22E23DA7CC8004E9AB3 /* ViewController.swift in Sources */,
				8F38B22A23DA7CC8004E9AB3 /* AppDelegate.swift in Sources */,
				8F38B22C23DA7CC8004E9AB3 /* SceneDelegate.swift in Sources */,
			);
			runOnlyForDeploymentPostprocessing = 0;
		};
		8F38B23823DA7CC9004E9AB3 /* Sources */ = {
			isa = PBXSourcesBuildPhase;
			buildActionMask = 2147483647;
			files = (
				8F38B24123DA7CC9004E9AB3 /* Tip_CalculatorTests.swift in Sources */,
			);
			runOnlyForDeploymentPostprocessing = 0;
		};
		8F38B24323DA7CC9004E9AB3 /* Sources */ = {
			isa = PBXSourcesBuildPhase;
			buildActionMask = 2147483647;
			files = (
				8F38B24C23DA7CCA004E9AB3 /* Tip_CalculatorUITests.swift in Sources */,
			);
			runOnlyForDeploymentPostprocessing = 0;
		};
/* End PBXSourcesBuildPhase section */

/* Begin PBXTargetDependency section */
		8F38B23E23DA7CC9004E9AB3 /* PBXTargetDependency */ = {
			isa = PBXTargetDependency;
			target = 8F38B22523DA7CC7004E9AB3 /* Tip Calculator */;
			targetProxy = 8F38B23D23DA7CC9004E9AB3 /* PBXContainerItemProxy */;
		};
		8F38B24923DA7CC9004E9AB3 /* PBXTargetDependency */ = {
			isa = PBXTargetDependency;
			target = 8F38B22523DA7CC7004E9AB3 /* Tip Calculator */;
			targetProxy = 8F38B24823DA7CC9004E9AB3 /* PBXContainerItemProxy */;
		};
/* End PBXTargetDependency section */

/* Begin PBXVariantGroup section */
		8F38B22F23DA7CC8004E9AB3 /* Main.storyboard */ = {
			isa = PBXVariantGroup;
			children = (
				8F38B23023DA7CC8004E9AB3 /* Base */,
			);
			name = Main.storyboard;
			sourceTree = "<group>";
		};
		8F38B23423DA7CC9004E9AB3 /* LaunchScreen.storyboard */ = {
			isa = PBXVariantGroup;
			children = (
				8F38B23523DA7CC9004E9AB3 /* Base */,
			);
			name = LaunchScreen.storyboard;
			sourceTree = "<group>";
		};
/* End PBXVariantGroup section */

/* Begin XCBuildConfiguration section */
		8F38B24E23DA7CCA004E9AB3 /* Debug */ = {
			isa = XCBuildConfiguration;
			buildSettings = {
				ALWAYS_SEARCH_USER_PATHS = NO;
				CLANG_ANALYZER_NONNULL = YES;
				CLANG_ANALYZER_NUMBER_OBJECT_CONVERSION = YES_AGGRESSIVE;
				CLANG_CXX_LANGUAGE_STANDARD = "gnu++14";
				CLANG_CXX_LIBRARY = "libc++";
				CLANG_ENABLE_MODULES = YES;
				CLANG_ENABLE_OBJC_ARC = YES;
				CLANG_ENABLE_OBJC_WEAK = YES;
				CLANG_WARN_BLOCK_CAPTURE_AUTORELEASING = YES;
				CLANG_WARN_BOOL_CONVERSION = YES;
				CLANG_WARN_COMMA = YES;
				CLANG_WARN_CONSTANT_CONVERSION = YES;
				CLANG_WARN_DEPRECATED_OBJC_IMPLEMENTATIONS = YES;
				CLANG_WARN_DIRECT_OBJC_ISA_USAGE = YES_ERROR;
				CLANG_WARN_DOCUMENTATION_COMMENTS = YES;
				CLANG_WARN_EMPTY_BODY = YES;
				CLANG_WARN_ENUM_CONVERSION = YES;
				CLANG_WARN_INFINITE_RECURSION = YES;
				CLANG_WARN_INT_CONVERSION = YES;
				CLANG_WARN_NON_LITERAL_NULL_CONVERSION = YES;
				CLANG_WARN_OBJC_IMPLICIT_RETAIN_SELF = YES;
				CLANG_WARN_OBJC_LITERAL_CONVERSION = YES;
				CLANG_WARN_OBJC_ROOT_CLASS = YES_ERROR;
				CLANG_WARN_RANGE_LOOP_ANALYSIS = YES;
				CLANG_WARN_STRICT_PROTOTYPES = YES;
				CLANG_WARN_SUSPICIOUS_MOVE = YES;
				CLANG_WARN_UNGUARDED_AVAILABILITY = YES_AGGRESSIVE;
				CLANG_WARN_UNREACHABLE_CODE = YES;
				CLANG_WARN__DUPLICATE_METHOD_MATCH = YES;
				COPY_PHASE_STRIP = NO;
				DEBUG_INFORMATION_FORMAT = dwarf;
				ENABLE_STRICT_OBJC_MSGSEND = YES;
				ENABLE_TESTABILITY = YES;
				GCC_C_LANGUAGE_STANDARD = gnu11;
				GCC_DYNAMIC_NO_PIC = NO;
				GCC_NO_COMMON_BLOCKS = YES;
				GCC_OPTIMIZATION_LEVEL = 0;
				GCC_PREPROCESSOR_DEFINITIONS = (
					"DEBUG=1",
					"$(inherited)",
				);
				GCC_WARN_64_TO_32_BIT_CONVERSION = YES;
				GCC_WARN_ABOUT_RETURN_TYPE = YES_ERROR;
				GCC_WARN_UNDECLARED_SELECTOR = YES;
				GCC_WARN_UNINITIALIZED_AUTOS = YES_AGGRESSIVE;
				GCC_WARN_UNUSED_FUNCTION = YES;
				GCC_WARN_UNUSED_VARIABLE = YES;
				IPHONEOS_DEPLOYMENT_TARGET = 13.2;
				MTL_ENABLE_DEBUG_INFO = INCLUDE_SOURCE;
				MTL_FAST_MATH = YES;
				ONLY_ACTIVE_ARCH = YES;
				SDKROOT = iphoneos;
				SWIFT_ACTIVE_COMPILATION_CONDITIONS = DEBUG;
				SWIFT_OPTIMIZATION_LEVEL = "-Onone";
			};
			name = Debug;
		};
		8F38B24F23DA7CCA004E9AB3 /* Release */ = {
			isa = XCBuildConfiguration;
			buildSettings = {
				ALWAYS_SEARCH_USER_PATHS = NO;
				CLANG_ANALYZER_NONNULL = YES;
				CLANG_ANALYZER_NUMBER_OBJECT_CONVERSION = YES_AGGRESSIVE;
				CLANG_CXX_LANGUAGE_STANDARD = "gnu++14";
				CLANG_CXX_LIBRARY = "libc++";
				CLANG_ENABLE_MODULES = YES;
				CLANG_ENABLE_OBJC_ARC = YES;
				CLANG_ENABLE_OBJC_WEAK = YES;
				CLANG_WARN_BLOCK_CAPTURE_AUTORELEASING = YES;
				CLANG_WARN_BOOL_CONVERSION = YES;
				CLANG_WARN_COMMA = YES;
				CLANG_WARN_CONSTANT_CONVERSION = YES;
				CLANG_WARN_DEPRECATED_OBJC_IMPLEMENTATIONS = YES;
				CLANG_WARN_DIRECT_OBJC_ISA_USAGE = YES_ERROR;
				CLANG_WARN_DOCUMENTATION_COMMENTS = YES;
				CLANG_WARN_EMPTY_BODY = YES;
				CLANG_WARN_ENUM_CONVERSION = YES;
				CLANG_WARN_INFINITE_RECURSION = YES;
				CLANG_WARN_INT_CONVERSION = YES;
				CLANG_WARN_NON_LITERAL_NULL_CONVERSION = YES;
				CLANG_WARN_OBJC_IMPLICIT_RETAIN_SELF = YES;
				CLANG_WARN_OBJC_LITERAL_CONVERSION = YES;
				CLANG_WARN_OBJC_ROOT_CLASS = YES_ERROR;
				CLANG_WARN_RANGE_LOOP_ANALYSIS = YES;
				CLANG_WARN_STRICT_PROTOTYPES = YES;
				CLANG_WARN_SUSPICIOUS_MOVE = YES;
				CLANG_WARN_UNGUARDED_AVAILABILITY = YES_AGGRESSIVE;
				CLANG_WARN_UNREACHABLE_CODE = YES;
				CLANG_WARN__DUPLICATE_METHOD_MATCH = YES;
				COPY_PHASE_STRIP = NO;
				DEBUG_INFORMATION_FORMAT = "dwarf-with-dsym";
				ENABLE_NS_ASSERTIONS = NO;
				ENABLE_STRICT_OBJC_MSGSEND = YES;
				GCC_C_LANGUAGE_STANDARD = gnu11;
				GCC_NO_COMMON_BLOCKS = YES;
				GCC_WARN_64_TO_32_BIT_CONVERSION = YES;
				GCC_WARN_ABOUT_RETURN_TYPE = YES_ERROR;
				GCC_WARN_UNDECLARED_SELECTOR = YES;
				GCC_WARN_UNINITIALIZED_AUTOS = YES_AGGRESSIVE;
				GCC_WARN_UNUSED_FUNCTION = YES;
				GCC_WARN_UNUSED_VARIABLE = YES;
				IPHONEOS_DEPLOYMENT_TARGET = 13.2;
				MTL_ENABLE_DEBUG_INFO = NO;
				MTL_FAST_MATH = YES;
				SDKROOT = iphoneos;
				SWIFT_COMPILATION_MODE = wholemodule;
				SWIFT_OPTIMIZATION_LEVEL = "-O";
				VALIDATE_PRODUCT = YES;
			};
			name = Release;
		};
		8F38B25123DA7CCA004E9AB3 /* Debug */ = {
			isa = XCBuildConfiguration;
			buildSettings = {
				ASSETCATALOG_COMPILER_APPICON_NAME = AppIcon;
				CODE_SIGN_STYLE = Automatic;
				INFOPLIST_FILE = "Tip Calculator/Info.plist";
				LD_RUNPATH_SEARCH_PATHS = (
					"$(inherited)",
					"@executable_path/Frameworks",
				);
				PRODUCT_BUNDLE_IDENTIFIER = "ShawnKim.Tip-Calculator";
				PRODUCT_NAME = "$(TARGET_NAME)";
				SWIFT_VERSION = 5.0;
				TARGETED_DEVICE_FAMILY = "1,2";
			};
			name = Debug;
		};
		8F38B25223DA7CCA004E9AB3 /* Release */ = {
			isa = XCBuildConfiguration;
			buildSettings = {
				ASSETCATALOG_COMPILER_APPICON_NAME = AppIcon;
				CODE_SIGN_STYLE = Automatic;
				INFOPLIST_FILE = "Tip Calculator/Info.plist";
				LD_RUNPATH_SEARCH_PATHS = (
					"$(inherited)",
					"@executable_path/Frameworks",
				);
				PRODUCT_BUNDLE_IDENTIFIER = "ShawnKim.Tip-Calculator";
				PRODUCT_NAME = "$(TARGET_NAME)";
				SWIFT_VERSION = 5.0;
				TARGETED_DEVICE_FAMILY = "1,2";
			};
			name = Release;
		};
		8F38B25423DA7CCA004E9AB3 /* Debug */ = {
			isa = XCBuildConfiguration;
			buildSettings = {
				ALWAYS_EMBED_SWIFT_STANDARD_LIBRARIES = YES;
				BUNDLE_LOADER = "$(TEST_HOST)";
				CODE_SIGN_STYLE = Automatic;
				INFOPLIST_FILE = "Tip CalculatorTests/Info.plist";
				IPHONEOS_DEPLOYMENT_TARGET = 13.2;
				LD_RUNPATH_SEARCH_PATHS = (
					"$(inherited)",
					"@executable_path/Frameworks",
					"@loader_path/Frameworks",
				);
				PRODUCT_BUNDLE_IDENTIFIER = "ShawnKim.Tip-CalculatorTests";
				PRODUCT_NAME = "$(TARGET_NAME)";
				SWIFT_VERSION = 5.0;
				TARGETED_DEVICE_FAMILY = "1,2";
				TEST_HOST = "$(BUILT_PRODUCTS_DIR)/Tip Calculator.app/Tip Calculator";
			};
			name = Debug;
		};
		8F38B25523DA7CCA004E9AB3 /* Release */ = {
			isa = XCBuildConfiguration;
			buildSettings = {
				ALWAYS_EMBED_SWIFT_STANDARD_LIBRARIES = YES;
				BUNDLE_LOADER = "$(TEST_HOST)";
				CODE_SIGN_STYLE = Automatic;
				INFOPLIST_FILE = "Tip CalculatorTests/Info.plist";
				IPHONEOS_DEPLOYMENT_TARGET = 13.2;
				LD_RUNPATH_SEARCH_PATHS = (
					"$(inherited)",
					"@executable_path/Frameworks",
					"@loader_path/Frameworks",
				);
				PRODUCT_BUNDLE_IDENTIFIER = "ShawnKim.Tip-CalculatorTests";
				PRODUCT_NAME = "$(TARGET_NAME)";
				SWIFT_VERSION = 5.0;
				TARGETED_DEVICE_FAMILY = "1,2";
				TEST_HOST = "$(BUILT_PRODUCTS_DIR)/Tip Calculator.app/Tip Calculator";
			};
			name = Release;
		};
		8F38B25723DA7CCA004E9AB3 /* Debug */ = {
			isa = XCBuildConfiguration;
			buildSettings = {
				ALWAYS_EMBED_SWIFT_STANDARD_LIBRARIES = YES;
				CODE_SIGN_STYLE = Automatic;
				INFOPLIST_FILE = "Tip CalculatorUITests/Info.plist";
				LD_RUNPATH_SEARCH_PATHS = (
					"$(inherited)",
					"@executable_path/Frameworks",
					"@loader_path/Frameworks",
				);
				PRODUCT_BUNDLE_IDENTIFIER = "ShawnKim.Tip-CalculatorUITests";
				PRODUCT_NAME = "$(TARGET_NAME)";
				SWIFT_VERSION = 5.0;
				TARGETED_DEVICE_FAMILY = "1,2";
				TEST_TARGET_NAME = "Tip Calculator";
			};
			name = Debug;
		};
		8F38B25823DA7CCA004E9AB3 /* Release */ = {
			isa = XCBuildConfiguration;
			buildSettings = {
				ALWAYS_EMBED_SWIFT_STANDARD_LIBRARIES = YES;
				CODE_SIGN_STYLE = Automatic;
				INFOPLIST_FILE = "Tip CalculatorUITests/Info.plist";
				LD_RUNPATH_SEARCH_PATHS = (
					"$(inherited)",
					"@executable_path/Frameworks",
					"@loader_path/Frameworks",
				);
				PRODUCT_BUNDLE_IDENTIFIER = "ShawnKim.Tip-CalculatorUITests";
				PRODUCT_NAME = "$(TARGET_NAME)";
				SWIFT_VERSION = 5.0;
				TARGETED_DEVICE_FAMILY = "1,2";
				TEST_TARGET_NAME = "Tip Calculator";
			};
			name = Release;
		};
/* End XCBuildConfiguration section */

/* Begin XCConfigurationList section */
		8F38B22123DA7CC7004E9AB3 /* Build configuration list for PBXProject "Tip Calculator" */ = {
			isa = XCConfigurationList;
			buildConfigurations = (
				8F38B24E23DA7CCA004E9AB3 /* Debug */,
				8F38B24F23DA7CCA004E9AB3 /* Release */,
			);
			defaultConfigurationIsVisible = 0;
			defaultConfigurationName = Release;
		};
		8F38B25023DA7CCA004E9AB3 /* Build configuration list for PBXNativeTarget "Tip Calculator" */ = {
			isa = XCConfigurationList;
			buildConfigurations = (
				8F38B25123DA7CCA004E9AB3 /* Debug */,
				8F38B25223DA7CCA004E9AB3 /* Release */,
			);
			defaultConfigurationIsVisible = 0;
			defaultConfigurationName = Release;
		};
		8F38B25323DA7CCA004E9AB3 /* Build configuration list for PBXNativeTarget "Tip CalculatorTests" */ = {
			isa = XCConfigurationList;
			buildConfigurations = (
				8F38B25423DA7CCA004E9AB3 /* Debug */,
				8F38B25523DA7CCA004E9AB3 /* Release */,
			);
			defaultConfigurationIsVisible = 0;
			defaultConfigurationName = Release;
		};
		8F38B25623DA7CCA004E9AB3 /* Build configuration list for PBXNativeTarget "Tip CalculatorUITests" */ = {
			isa = XCConfigurationList;
			buildConfigurations = (
				8F38B25723DA7CCA004E9AB3 /* Debug */,
				8F38B25823DA7CCA004E9AB3 /* Release */,
			);
			defaultConfigurationIsVisible = 0;
			defaultConfigurationName = Release;
		};
/* End XCConfigurationList section */
	};
	rootObject = 8F38B21E23DA7CC7004E9AB3 /* Project object */;
}
